{
  "version": "3",
  "remote": {
    "https://cdn.jsdelivr.net/gh/speed-highlight/core@1.2.4/dist/index.js": "3f06bcb851f0ad78de4ab1886611d1253a57d875c287a93ae92efa80c5e7593b",
    "https://cdn.jsdelivr.net/gh/speed-highlight/core@1.2.4/src/common.js": "c4dc3904994ebe0fce83c87dad2f3a25ef03995a56cb4ea71659ad04bdab43bf",
    "https://cdn.jsdelivr.net/gh/speed-highlight/core@1.2.4/src/index.js": "0342397e5dcf2d5c23b2db67223aba5dd466ed4b7f22e2297e14c2df530c8621",
    "https://cdn.jsdelivr.net/gh/speed-highlight/core@1.2.4/typedef.js": "b7b5846e3e5e721c32b35af3b35a3782086eb763a351327ff1bf73f415c5588b",
    "https://cdn.jsdelivr.net/npm/highlight.js@11.9.0/es/index.js": "7f1c99c74fe8dee1e5d634948151b7139839d5f1c90520d79678727d5b71b615",
    "https://cdn.jsdelivr.net/npm/highlight.js@11.9.0/lib/index.js": "a00bb045c0ca0cec739886cc05a06a0fa0335d0b8d0bf156dbb7d23d130d081d",
    "https://esm.sh/v133/highlight.js@11.9.0": "02620a6194184f6b4c6153859bd9259626bc4b5ef4d667a3d8cf5110a2e27d33",
    "https://esm.sh/v133/highlight.js@11.9.0/denonext/highlight.mjs": "329af5a92f6beb504e7e49e9e568b95d5a70b42bfdde9a6d7337a8dd84534dde"
  }
}
